// !$*UTF8*$!
{
	archiveVersion = 1;
	classes = {
	};
	objectVersion = 55;
	objects = {

/* Begin PBXBuildFile section */
		A614CB992992863A005087C9 /* MakeupMateApp.swift in Sources */ = {isa = PBXBuildFile; fileRef = A614CB982992863A005087C9 /* MakeupMateApp.swift */; };
		A614CB9B2992863A005087C9 /* WalkthroughView.swift in Sources */ = {isa = PBXBuildFile; fileRef = A614CB9A2992863A005087C9 /* WalkthroughView.swift */; };
		A614CB9D29928640005087C9 /* Assets.xcassets in Resources */ = {isa = PBXBuildFile; fileRef = A614CB9C29928640005087C9 /* Assets.xcassets */; };
		A614CBA029928640005087C9 /* Preview Assets.xcassets in Resources */ = {isa = PBXBuildFile; fileRef = A614CB9F29928640005087C9 /* Preview Assets.xcassets */; };
		A614CBAA29928640005087C9 /* MakeupMateTests.swift in Sources */ = {isa = PBXBuildFile; fileRef = A614CBA929928640005087C9 /* MakeupMateTests.swift */; };
		A614CBB429928640005087C9 /* MakeupMateUITests.swift in Sources */ = {isa = PBXBuildFile; fileRef = A614CBB329928640005087C9 /* MakeupMateUITests.swift */; };
		A614CBB629928640005087C9 /* MakeupMateUITestsLaunchTests.swift in Sources */ = {isa = PBXBuildFile; fileRef = A614CBB529928640005087C9 /* MakeupMateUITestsLaunchTests.swift */; };
		A61D710629B3789B0082258E /* InventoryView.swift in Sources */ = {isa = PBXBuildFile; fileRef = A61D710529B3789B0082258E /* InventoryView.swift */; };
		A631EACA299E7DB900D9E1DD /* LoginView.swift in Sources */ = {isa = PBXBuildFile; fileRef = A631EAC9299E7DB900D9E1DD /* LoginView.swift */; };
		A631EACF299FB54700D9E1DD /* FirebaseAuth in Frameworks */ = {isa = PBXBuildFile; productRef = A631EACE299FB54700D9E1DD /* FirebaseAuth */; };
		A631EAD1299FB54700D9E1DD /* FirebaseFirestore in Frameworks */ = {isa = PBXBuildFile; productRef = A631EAD0299FB54700D9E1DD /* FirebaseFirestore */; };
		A631EAD3299FB54700D9E1DD /* FirebaseStorage in Frameworks */ = {isa = PBXBuildFile; productRef = A631EAD2299FB54700D9E1DD /* FirebaseStorage */; };
		A63685CF29BD1D86008C17B9 /* DecodeFunctions.swift in Sources */ = {isa = PBXBuildFile; fileRef = A63685CE29BD1D86008C17B9 /* DecodeFunctions.swift */; };
		A67D601629BF5994003EEBB7 /* SDWebImageSwiftUI in Frameworks */ = {isa = PBXBuildFile; productRef = A67D601529BF5994003EEBB7 /* SDWebImageSwiftUI */; };
		A67D601829C08037003EEBB7 /* EditInventoryProductView.swift in Sources */ = {isa = PBXBuildFile; fileRef = A67D601729C08037003EEBB7 /* EditInventoryProductView.swift */; };
		A68A30E1299E757F00E01C84 /* GoogleService-Info.plist in Resources */ = {isa = PBXBuildFile; fileRef = A68A30E0299E757F00E01C84 /* GoogleService-Info.plist */; };
		A69379E929D492FD000312EF /* AccountFunctionality.swift in Sources */ = {isa = PBXBuildFile; fileRef = A69379E829D492FD000312EF /* AccountFunctionality.swift */; };
		A6A2134929BA3B1D007B3625 /* ImagePicker.swift in Sources */ = {isa = PBXBuildFile; fileRef = A6A2134829BA3B1D007B3625 /* ImagePicker.swift */; };
		A6A8E9D329B4E1F70082B1D7 /* FirebaseManager.swift in Sources */ = {isa = PBXBuildFile; fileRef = A6A8E9D229B4E1F70082B1D7 /* FirebaseManager.swift */; };
		A6A8E9DA29B75D380082B1D7 /* AddInventoryProductView.swift in Sources */ = {isa = PBXBuildFile; fileRef = A6A8E9D929B75D370082B1D7 /* AddInventoryProductView.swift */; };
		A6B1E05A29CB47BF0006EB99 /* AddWishlistProductView.swift in Sources */ = {isa = PBXBuildFile; fileRef = A6B1E05929CB47BF0006EB99 /* AddWishlistProductView.swift */; };
		A6B1E05E29CBA7820006EB99 /* EditWishlistProductView.swift in Sources */ = {isa = PBXBuildFile; fileRef = A6B1E05D29CBA7820006EB99 /* EditWishlistProductView.swift */; };
		A6BF475829C2028E001940A7 /* BottomNavigationBar.swift in Sources */ = {isa = PBXBuildFile; fileRef = A6BF475729C2028E001940A7 /* BottomNavigationBar.swift */; };
		A6CC288E29CF3C41009044B9 /* EditTextFieldView.swift in Sources */ = {isa = PBXBuildFile; fileRef = A6CC288D29CF3C41009044B9 /* EditTextFieldView.swift */; };
		A6CC289029CF4362009044B9 /* TopNavigationBar.swift in Sources */ = {isa = PBXBuildFile; fileRef = A6CC288F29CF4362009044B9 /* TopNavigationBar.swift */; };
		A6CC289329CF43CC009044B9 /* AddTextFieldView.swift in Sources */ = {isa = PBXBuildFile; fileRef = A6CC289229CF43CC009044B9 /* AddTextFieldView.swift */; };
		A6CC289729CF5EF1009044B9 /* AddFunctionality.swift in Sources */ = {isa = PBXBuildFile; fileRef = A6CC289629CF5EF1009044B9 /* AddFunctionality.swift */; };
		A6CC289929CF70A0009044B9 /* EditFunctionality.swift in Sources */ = {isa = PBXBuildFile; fileRef = A6CC289829CF70A0009044B9 /* EditFunctionality.swift */; };
		A6CC289D29D0F7FA009044B9 /* FetchFunctionality.swift in Sources */ = {isa = PBXBuildFile; fileRef = A6CC289C29D0F7FA009044B9 /* FetchFunctionality.swift */; };
		A6CC289F29D0F9F5009044B9 /* CompareView.swift in Sources */ = {isa = PBXBuildFile; fileRef = A6CC289E29D0F9F5009044B9 /* CompareView.swift */; };
		A6EB990829CDE1F8003AA975 /* CategoryView.swift in Sources */ = {isa = PBXBuildFile; fileRef = A6EB990729CDE1F8003AA975 /* CategoryView.swift */; };
		A6F877D029CA226D0010A8A9 /* WishlistView.swift in Sources */ = {isa = PBXBuildFile; fileRef = A6F877CF29CA226D0010A8A9 /* WishlistView.swift */; };
/* End PBXBuildFile section */

/* Begin PBXContainerItemProxy section */
		A614CBA629928640005087C9 /* PBXContainerItemProxy */ = {
			isa = PBXContainerItemProxy;
			containerPortal = A614CB8D2992863A005087C9 /* Project object */;
			proxyType = 1;
			remoteGlobalIDString = A614CB942992863A005087C9;
			remoteInfo = MakeupMate;
		};
		A614CBB029928640005087C9 /* PBXContainerItemProxy */ = {
			isa = PBXContainerItemProxy;
			containerPortal = A614CB8D2992863A005087C9 /* Project object */;
			proxyType = 1;
			remoteGlobalIDString = A614CB942992863A005087C9;
			remoteInfo = MakeupMate;
		};
/* End PBXContainerItemProxy section */

/* Begin PBXFileReference section */
		A614CB952992863A005087C9 /* MakeupMate.app */ = {isa = PBXFileReference; explicitFileType = wrapper.application; includeInIndex = 0; path = MakeupMate.app; sourceTree = BUILT_PRODUCTS_DIR; };
		A614CB982992863A005087C9 /* MakeupMateApp.swift */ = {isa = PBXFileReference; lastKnownFileType = sourcecode.swift; path = MakeupMateApp.swift; sourceTree = "<group>"; };
		A614CB9A2992863A005087C9 /* WalkthroughView.swift */ = {isa = PBXFileReference; lastKnownFileType = sourcecode.swift; path = WalkthroughView.swift; sourceTree = "<group>"; };
		A614CB9C29928640005087C9 /* Assets.xcassets */ = {isa = PBXFileReference; lastKnownFileType = folder.assetcatalog; path = Assets.xcassets; sourceTree = "<group>"; };
		A614CB9F29928640005087C9 /* Preview Assets.xcassets */ = {isa = PBXFileReference; lastKnownFileType = folder.assetcatalog; path = "Preview Assets.xcassets"; sourceTree = "<group>"; };
		A614CBA529928640005087C9 /* MakeupMateTests.xctest */ = {isa = PBXFileReference; explicitFileType = wrapper.cfbundle; includeInIndex = 0; path = MakeupMateTests.xctest; sourceTree = BUILT_PRODUCTS_DIR; };
		A614CBA929928640005087C9 /* MakeupMateTests.swift */ = {isa = PBXFileReference; lastKnownFileType = sourcecode.swift; path = MakeupMateTests.swift; sourceTree = "<group>"; };
		A614CBAF29928640005087C9 /* MakeupMateUITests.xctest */ = {isa = PBXFileReference; explicitFileType = wrapper.cfbundle; includeInIndex = 0; path = MakeupMateUITests.xctest; sourceTree = BUILT_PRODUCTS_DIR; };
		A614CBB329928640005087C9 /* MakeupMateUITests.swift */ = {isa = PBXFileReference; lastKnownFileType = sourcecode.swift; path = MakeupMateUITests.swift; sourceTree = "<group>"; };
		A614CBB529928640005087C9 /* MakeupMateUITestsLaunchTests.swift */ = {isa = PBXFileReference; lastKnownFileType = sourcecode.swift; path = MakeupMateUITestsLaunchTests.swift; sourceTree = "<group>"; };
		A61D710529B3789B0082258E /* InventoryView.swift */ = {isa = PBXFileReference; lastKnownFileType = sourcecode.swift; path = InventoryView.swift; sourceTree = "<group>"; };
		A631EAC9299E7DB900D9E1DD /* LoginView.swift */ = {isa = PBXFileReference; lastKnownFileType = sourcecode.swift; path = LoginView.swift; sourceTree = "<group>"; };
		A63685CE29BD1D86008C17B9 /* DecodeFunctions.swift */ = {isa = PBXFileReference; lastKnownFileType = sourcecode.swift; path = DecodeFunctions.swift; sourceTree = "<group>"; };
		A67D601729C08037003EEBB7 /* EditInventoryProductView.swift */ = {isa = PBXFileReference; lastKnownFileType = sourcecode.swift; path = EditInventoryProductView.swift; sourceTree = "<group>"; };
		A68A30E0299E757F00E01C84 /* GoogleService-Info.plist */ = {isa = PBXFileReference; fileEncoding = 4; lastKnownFileType = text.plist.xml; name = "GoogleService-Info.plist"; path = "../../../Downloads/GoogleService-Info.plist"; sourceTree = "<group>"; };
		A69379E829D492FD000312EF /* AccountFunctionality.swift */ = {isa = PBXFileReference; lastKnownFileType = sourcecode.swift; path = AccountFunctionality.swift; sourceTree = "<group>"; };
		A6A2134829BA3B1D007B3625 /* ImagePicker.swift */ = {isa = PBXFileReference; lastKnownFileType = sourcecode.swift; path = ImagePicker.swift; sourceTree = "<group>"; };
		A6A8E9D229B4E1F70082B1D7 /* FirebaseManager.swift */ = {isa = PBXFileReference; lastKnownFileType = sourcecode.swift; path = FirebaseManager.swift; sourceTree = "<group>"; };
		A6A8E9D929B75D370082B1D7 /* AddInventoryProductView.swift */ = {isa = PBXFileReference; lastKnownFileType = sourcecode.swift; path = AddInventoryProductView.swift; sourceTree = "<group>"; };
		A6B1E05929CB47BF0006EB99 /* AddWishlistProductView.swift */ = {isa = PBXFileReference; lastKnownFileType = sourcecode.swift; path = AddWishlistProductView.swift; sourceTree = "<group>"; };
		A6B1E05D29CBA7820006EB99 /* EditWishlistProductView.swift */ = {isa = PBXFileReference; lastKnownFileType = sourcecode.swift; path = EditWishlistProductView.swift; sourceTree = "<group>"; };
		A6BF475729C2028E001940A7 /* BottomNavigationBar.swift */ = {isa = PBXFileReference; lastKnownFileType = sourcecode.swift; path = BottomNavigationBar.swift; sourceTree = "<group>"; };
		A6CC288D29CF3C41009044B9 /* EditTextFieldView.swift */ = {isa = PBXFileReference; lastKnownFileType = sourcecode.swift; path = EditTextFieldView.swift; sourceTree = "<group>"; };
		A6CC288F29CF4362009044B9 /* TopNavigationBar.swift */ = {isa = PBXFileReference; lastKnownFileType = sourcecode.swift; path = TopNavigationBar.swift; sourceTree = "<group>"; };
		A6CC289229CF43CC009044B9 /* AddTextFieldView.swift */ = {isa = PBXFileReference; lastKnownFileType = sourcecode.swift; path = AddTextFieldView.swift; sourceTree = "<group>"; };
		A6CC289629CF5EF1009044B9 /* AddFunctionality.swift */ = {isa = PBXFileReference; lastKnownFileType = sourcecode.swift; path = AddFunctionality.swift; sourceTree = "<group>"; };
		A6CC289829CF70A0009044B9 /* EditFunctionality.swift */ = {isa = PBXFileReference; lastKnownFileType = sourcecode.swift; path = EditFunctionality.swift; sourceTree = "<group>"; };
		A6CC289C29D0F7FA009044B9 /* FetchFunctionality.swift */ = {isa = PBXFileReference; lastKnownFileType = sourcecode.swift; path = FetchFunctionality.swift; sourceTree = "<group>"; };
		A6CC289E29D0F9F5009044B9 /* CompareView.swift */ = {isa = PBXFileReference; lastKnownFileType = sourcecode.swift; path = CompareView.swift; sourceTree = "<group>"; };
		A6EB990729CDE1F8003AA975 /* CategoryView.swift */ = {isa = PBXFileReference; lastKnownFileType = sourcecode.swift; path = CategoryView.swift; sourceTree = "<group>"; };
		A6F877CF29CA226D0010A8A9 /* WishlistView.swift */ = {isa = PBXFileReference; lastKnownFileType = sourcecode.swift; path = WishlistView.swift; sourceTree = "<group>"; };
/* End PBXFileReference section */

/* Begin PBXFrameworksBuildPhase section */
		A614CB922992863A005087C9 /* Frameworks */ = {
			isa = PBXFrameworksBuildPhase;
			buildActionMask = 2147483647;
			files = (
				A67D601629BF5994003EEBB7 /* SDWebImageSwiftUI in Frameworks */,
				A631EACF299FB54700D9E1DD /* FirebaseAuth in Frameworks */,
				A631EAD1299FB54700D9E1DD /* FirebaseFirestore in Frameworks */,
				A631EAD3299FB54700D9E1DD /* FirebaseStorage in Frameworks */,
			);
			runOnlyForDeploymentPostprocessing = 0;
		};
		A614CBA229928640005087C9 /* Frameworks */ = {
			isa = PBXFrameworksBuildPhase;
			buildActionMask = 2147483647;
			files = (
			);
			runOnlyForDeploymentPostprocessing = 0;
		};
		A614CBAC29928640005087C9 /* Frameworks */ = {
			isa = PBXFrameworksBuildPhase;
			buildActionMask = 2147483647;
			files = (
			);
			runOnlyForDeploymentPostprocessing = 0;
		};
/* End PBXFrameworksBuildPhase section */

/* Begin PBXGroup section */
		A614CB8C2992863A005087C9 = {
			isa = PBXGroup;
			children = (
				A614CB972992863A005087C9 /* MakeupMate */,
				A614CBA829928640005087C9 /* MakeupMateTests */,
				A614CBB229928640005087C9 /* MakeupMateUITests */,
				A614CB962992863A005087C9 /* Products */,
			);
			sourceTree = "<group>";
		};
		A614CB962992863A005087C9 /* Products */ = {
			isa = PBXGroup;
			children = (
				A614CB952992863A005087C9 /* MakeupMate.app */,
				A614CBA529928640005087C9 /* MakeupMateTests.xctest */,
				A614CBAF29928640005087C9 /* MakeupMateUITests.xctest */,
			);
			name = Products;
			sourceTree = "<group>";
		};
		A614CB972992863A005087C9 /* MakeupMate */ = {
			isa = PBXGroup;
			children = (
				A614CB982992863A005087C9 /* MakeupMateApp.swift */,
				A6A8E9D229B4E1F70082B1D7 /* FirebaseManager.swift */,
				A63685CE29BD1D86008C17B9 /* DecodeFunctions.swift */,
				A69379E829D492FD000312EF /* AccountFunctionality.swift */,
				A6CC289C29D0F7FA009044B9 /* FetchFunctionality.swift */,
				A6CC289629CF5EF1009044B9 /* AddFunctionality.swift */,
				A6CC289829CF70A0009044B9 /* EditFunctionality.swift */,
				A6CC289129CF439F009044B9 /* Utilities */,
				A614CB9A2992863A005087C9 /* WalkthroughView.swift */,
				A631EAC9299E7DB900D9E1DD /* LoginView.swift */,
				A61D710529B3789B0082258E /* InventoryView.swift */,
				A6A8E9D929B75D370082B1D7 /* AddInventoryProductView.swift */,
				A67D601729C08037003EEBB7 /* EditInventoryProductView.swift */,
				A6F877CF29CA226D0010A8A9 /* WishlistView.swift */,
				A6B1E05929CB47BF0006EB99 /* AddWishlistProductView.swift */,
				A6B1E05D29CBA7820006EB99 /* EditWishlistProductView.swift */,
				A6EB990729CDE1F8003AA975 /* CategoryView.swift */,
				A6CC289E29D0F9F5009044B9 /* CompareView.swift */,
				A614CB9C29928640005087C9 /* Assets.xcassets */,
				A68A30E0299E757F00E01C84 /* GoogleService-Info.plist */,
				A614CB9E29928640005087C9 /* Preview Content */,
			);
			path = MakeupMate;
			sourceTree = "<group>";
		};
		A614CB9E29928640005087C9 /* Preview Content */ = {
			isa = PBXGroup;
			children = (
				A614CB9F29928640005087C9 /* Preview Assets.xcassets */,
			);
			path = "Preview Content";
			sourceTree = "<group>";
		};
		A614CBA829928640005087C9 /* MakeupMateTests */ = {
			isa = PBXGroup;
			children = (
				A614CBA929928640005087C9 /* MakeupMateTests.swift */,
			);
			path = MakeupMateTests;
			sourceTree = "<group>";
		};
		A614CBB229928640005087C9 /* MakeupMateUITests */ = {
			isa = PBXGroup;
			children = (
				A614CBB329928640005087C9 /* MakeupMateUITests.swift */,
				A614CBB529928640005087C9 /* MakeupMateUITestsLaunchTests.swift */,
			);
			path = MakeupMateUITests;
			sourceTree = "<group>";
		};
		A6CC289129CF439F009044B9 /* Utilities */ = {
			isa = PBXGroup;
			children = (
				A6A2134829BA3B1D007B3625 /* ImagePicker.swift */,
				A6CC288F29CF4362009044B9 /* TopNavigationBar.swift */,
				A6BF475729C2028E001940A7 /* BottomNavigationBar.swift */,
				A6CC289229CF43CC009044B9 /* AddTextFieldView.swift */,
				A6CC288D29CF3C41009044B9 /* EditTextFieldView.swift */,
			);
			path = Utilities;
			sourceTree = "<group>";
		};
/* End PBXGroup section */

/* Begin PBXNativeTarget section */
		A614CB942992863A005087C9 /* MakeupMate */ = {
			isa = PBXNativeTarget;
			buildConfigurationList = A614CBB929928640005087C9 /* Build configuration list for PBXNativeTarget "MakeupMate" */;
			buildPhases = (
				A614CB912992863A005087C9 /* Sources */,
				A614CB922992863A005087C9 /* Frameworks */,
				A614CB932992863A005087C9 /* Resources */,
			);
			buildRules = (
			);
			dependencies = (
			);
			name = MakeupMate;
			packageProductDependencies = (
				A631EACE299FB54700D9E1DD /* FirebaseAuth */,
				A631EAD0299FB54700D9E1DD /* FirebaseFirestore */,
				A631EAD2299FB54700D9E1DD /* FirebaseStorage */,
				A67D601529BF5994003EEBB7 /* SDWebImageSwiftUI */,
			);
			productName = MakeupMate;
			productReference = A614CB952992863A005087C9 /* MakeupMate.app */;
			productType = "com.apple.product-type.application";
		};
		A614CBA429928640005087C9 /* MakeupMateTests */ = {
			isa = PBXNativeTarget;
			buildConfigurationList = A614CBBC29928640005087C9 /* Build configuration list for PBXNativeTarget "MakeupMateTests" */;
			buildPhases = (
				A614CBA129928640005087C9 /* Sources */,
				A614CBA229928640005087C9 /* Frameworks */,
				A614CBA329928640005087C9 /* Resources */,
			);
			buildRules = (
			);
			dependencies = (
				A614CBA729928640005087C9 /* PBXTargetDependency */,
			);
			name = MakeupMateTests;
			productName = MakeupMateTests;
			productReference = A614CBA529928640005087C9 /* MakeupMateTests.xctest */;
			productType = "com.apple.product-type.bundle.unit-test";
		};
		A614CBAE29928640005087C9 /* MakeupMateUITests */ = {
			isa = PBXNativeTarget;
			buildConfigurationList = A614CBBF29928640005087C9 /* Build configuration list for PBXNativeTarget "MakeupMateUITests" */;
			buildPhases = (
				A614CBAB29928640005087C9 /* Sources */,
				A614CBAC29928640005087C9 /* Frameworks */,
				A614CBAD29928640005087C9 /* Resources */,
			);
			buildRules = (
			);
			dependencies = (
				A614CBB129928640005087C9 /* PBXTargetDependency */,
			);
			name = MakeupMateUITests;
			productName = MakeupMateUITests;
			productReference = A614CBAF29928640005087C9 /* MakeupMateUITests.xctest */;
			productType = "com.apple.product-type.bundle.ui-testing";
		};
/* End PBXNativeTarget section */

/* Begin PBXProject section */
		A614CB8D2992863A005087C9 /* Project object */ = {
			isa = PBXProject;
			attributes = {
				BuildIndependentTargetsInParallel = 1;
				LastSwiftUpdateCheck = 1320;
				LastUpgradeCheck = 1320;
				TargetAttributes = {
					A614CB942992863A005087C9 = {
						CreatedOnToolsVersion = 13.2.1;
					};
					A614CBA429928640005087C9 = {
						CreatedOnToolsVersion = 13.2.1;
						TestTargetID = A614CB942992863A005087C9;
					};
					A614CBAE29928640005087C9 = {
						CreatedOnToolsVersion = 13.2.1;
						TestTargetID = A614CB942992863A005087C9;
					};
				};
			};
			buildConfigurationList = A614CB902992863A005087C9 /* Build configuration list for PBXProject "MakeupMate" */;
			compatibilityVersion = "Xcode 13.0";
			developmentRegion = en;
			hasScannedForEncodings = 0;
			knownRegions = (
				en,
				Base,
			);
			mainGroup = A614CB8C2992863A005087C9;
			packageReferences = (
				A631EACD299FB54700D9E1DD /* XCRemoteSwiftPackageReference "firebase-ios-sdk" */,
				A67D601429BF5993003EEBB7 /* XCRemoteSwiftPackageReference "SDWebImageSwiftUI" */,
			);
			productRefGroup = A614CB962992863A005087C9 /* Products */;
			projectDirPath = "";
			projectRoot = "";
			targets = (
				A614CB942992863A005087C9 /* MakeupMate */,
				A614CBA429928640005087C9 /* MakeupMateTests */,
				A614CBAE29928640005087C9 /* MakeupMateUITests */,
			);
		};
/* End PBXProject section */

/* Begin PBXResourcesBuildPhase section */
		A614CB932992863A005087C9 /* Resources */ = {
			isa = PBXResourcesBuildPhase;
			buildActionMask = 2147483647;
			files = (
				A614CBA029928640005087C9 /* Preview Assets.xcassets in Resources */,
				A614CB9D29928640005087C9 /* Assets.xcassets in Resources */,
				A68A30E1299E757F00E01C84 /* GoogleService-Info.plist in Resources */,
			);
			runOnlyForDeploymentPostprocessing = 0;
		};
		A614CBA329928640005087C9 /* Resources */ = {
			isa = PBXResourcesBuildPhase;
			buildActionMask = 2147483647;
			files = (
			);
			runOnlyForDeploymentPostprocessing = 0;
		};
		A614CBAD29928640005087C9 /* Resources */ = {
			isa = PBXResourcesBuildPhase;
			buildActionMask = 2147483647;
			files = (
			);
			runOnlyForDeploymentPostprocessing = 0;
		};
/* End PBXResourcesBuildPhase section */

/* Begin PBXSourcesBuildPhase section */
		A614CB912992863A005087C9 /* Sources */ = {
			isa = PBXSourcesBuildPhase;
			buildActionMask = 2147483647;
			files = (
				A69379E929D492FD000312EF /* AccountFunctionality.swift in Sources */,
				A6CC289029CF4362009044B9 /* TopNavigationBar.swift in Sources */,
				A63685CF29BD1D86008C17B9 /* DecodeFunctions.swift in Sources */,
				A67D601829C08037003EEBB7 /* EditInventoryProductView.swift in Sources */,
				A6CC288E29CF3C41009044B9 /* EditTextFieldView.swift in Sources */,
				A6CC289F29D0F9F5009044B9 /* CompareView.swift in Sources */,
				A614CB9B2992863A005087C9 /* WalkthroughView.swift in Sources */,
				A6CC289929CF70A0009044B9 /* EditFunctionality.swift in Sources */,
				A61D710629B3789B0082258E /* InventoryView.swift in Sources */,
				A6CC289729CF5EF1009044B9 /* AddFunctionality.swift in Sources */,
				A6EB990829CDE1F8003AA975 /* CategoryView.swift in Sources */,
				A6A8E9D329B4E1F70082B1D7 /* FirebaseManager.swift in Sources */,
				A6A8E9DA29B75D380082B1D7 /* AddInventoryProductView.swift in Sources */,
				A6CC289D29D0F7FA009044B9 /* FetchFunctionality.swift in Sources */,
				A6B1E05A29CB47BF0006EB99 /* AddWishlistProductView.swift in Sources */,
				A6F877D029CA226D0010A8A9 /* WishlistView.swift in Sources */,
				A6A2134929BA3B1D007B3625 /* ImagePicker.swift in Sources */,
				A631EACA299E7DB900D9E1DD /* LoginView.swift in Sources */,
				A6CC289329CF43CC009044B9 /* AddTextFieldView.swift in Sources */,
				A6B1E05E29CBA7820006EB99 /* EditWishlistProductView.swift in Sources */,
				A614CB992992863A005087C9 /* MakeupMateApp.swift in Sources */,
				A6BF475829C2028E001940A7 /* BottomNavigationBar.swift in Sources */,
			);
			runOnlyForDeploymentPostprocessing = 0;
		};
		A614CBA129928640005087C9 /* Sources */ = {
			isa = PBXSourcesBuildPhase;
			buildActionMask = 2147483647;
			files = (
				A614CBAA29928640005087C9 /* MakeupMateTests.swift in Sources */,
			);
			runOnlyForDeploymentPostprocessing = 0;
		};
		A614CBAB29928640005087C9 /* Sources */ = {
			isa = PBXSourcesBuildPhase;
			buildActionMask = 2147483647;
			files = (
				A614CBB629928640005087C9 /* MakeupMateUITestsLaunchTests.swift in Sources */,
				A614CBB429928640005087C9 /* MakeupMateUITests.swift in Sources */,
			);
			runOnlyForDeploymentPostprocessing = 0;
		};
/* End PBXSourcesBuildPhase section */

/* Begin PBXTargetDependency section */
		A614CBA729928640005087C9 /* PBXTargetDependency */ = {
			isa = PBXTargetDependency;
			target = A614CB942992863A005087C9 /* MakeupMate */;
			targetProxy = A614CBA629928640005087C9 /* PBXContainerItemProxy */;
		};
		A614CBB129928640005087C9 /* PBXTargetDependency */ = {
			isa = PBXTargetDependency;
			target = A614CB942992863A005087C9 /* MakeupMate */;
			targetProxy = A614CBB029928640005087C9 /* PBXContainerItemProxy */;
		};
/* End PBXTargetDependency section */

/* Begin XCBuildConfiguration section */
		A614CBB729928640005087C9 /* Debug */ = {
			isa = XCBuildConfiguration;
			buildSettings = {
				ALWAYS_SEARCH_USER_PATHS = NO;
				CLANG_ANALYZER_NONNULL = YES;
				CLANG_ANALYZER_NUMBER_OBJECT_CONVERSION = YES_AGGRESSIVE;
				CLANG_CXX_LANGUAGE_STANDARD = "gnu++17";
				CLANG_CXX_LIBRARY = "libc++";
				CLANG_ENABLE_MODULES = YES;
				CLANG_ENABLE_OBJC_ARC = YES;
				CLANG_ENABLE_OBJC_WEAK = YES;
				CLANG_WARN_BLOCK_CAPTURE_AUTORELEASING = YES;
				CLANG_WARN_BOOL_CONVERSION = YES;
				CLANG_WARN_COMMA = YES;
				CLANG_WARN_CONSTANT_CONVERSION = YES;
				CLANG_WARN_DEPRECATED_OBJC_IMPLEMENTATIONS = YES;
				CLANG_WARN_DIRECT_OBJC_ISA_USAGE = YES_ERROR;
				CLANG_WARN_DOCUMENTATION_COMMENTS = YES;
				CLANG_WARN_EMPTY_BODY = YES;
				CLANG_WARN_ENUM_CONVERSION = YES;
				CLANG_WARN_INFINITE_RECURSION = YES;
				CLANG_WARN_INT_CONVERSION = YES;
				CLANG_WARN_NON_LITERAL_NULL_CONVERSION = YES;
				CLANG_WARN_OBJC_IMPLICIT_RETAIN_SELF = YES;
				CLANG_WARN_OBJC_LITERAL_CONVERSION = YES;
				CLANG_WARN_OBJC_ROOT_CLASS = YES_ERROR;
				CLANG_WARN_QUOTED_INCLUDE_IN_FRAMEWORK_HEADER = YES;
				CLANG_WARN_RANGE_LOOP_ANALYSIS = YES;
				CLANG_WARN_STRICT_PROTOTYPES = YES;
				CLANG_WARN_SUSPICIOUS_MOVE = YES;
				CLANG_WARN_UNGUARDED_AVAILABILITY = YES_AGGRESSIVE;
				CLANG_WARN_UNREACHABLE_CODE = YES;
				CLANG_WARN__DUPLICATE_METHOD_MATCH = YES;
				COPY_PHASE_STRIP = NO;
				DEBUG_INFORMATION_FORMAT = dwarf;
				ENABLE_STRICT_OBJC_MSGSEND = YES;
				ENABLE_TESTABILITY = YES;
				GCC_C_LANGUAGE_STANDARD = gnu11;
				GCC_DYNAMIC_NO_PIC = NO;
				GCC_NO_COMMON_BLOCKS = YES;
				GCC_OPTIMIZATION_LEVEL = 0;
				GCC_PREPROCESSOR_DEFINITIONS = (
					"DEBUG=1",
					"$(inherited)",
				);
				GCC_WARN_64_TO_32_BIT_CONVERSION = YES;
				GCC_WARN_ABOUT_RETURN_TYPE = YES_ERROR;
				GCC_WARN_UNDECLARED_SELECTOR = YES;
				GCC_WARN_UNINITIALIZED_AUTOS = YES_AGGRESSIVE;
				GCC_WARN_UNUSED_FUNCTION = YES;
				GCC_WARN_UNUSED_VARIABLE = YES;
				IPHONEOS_DEPLOYMENT_TARGET = 15.2;
				MTL_ENABLE_DEBUG_INFO = INCLUDE_SOURCE;
				MTL_FAST_MATH = YES;
				ONLY_ACTIVE_ARCH = YES;
				SDKROOT = iphoneos;
				SWIFT_ACTIVE_COMPILATION_CONDITIONS = DEBUG;
				SWIFT_OPTIMIZATION_LEVEL = "-Onone";
			};
			name = Debug;
		};
		A614CBB829928640005087C9 /* Release */ = {
			isa = XCBuildConfiguration;
			buildSettings = {
				ALWAYS_SEARCH_USER_PATHS = NO;
				CLANG_ANALYZER_NONNULL = YES;
				CLANG_ANALYZER_NUMBER_OBJECT_CONVERSION = YES_AGGRESSIVE;
				CLANG_CXX_LANGUAGE_STANDARD = "gnu++17";
				CLANG_CXX_LIBRARY = "libc++";
				CLANG_ENABLE_MODULES = YES;
				CLANG_ENABLE_OBJC_ARC = YES;
				CLANG_ENABLE_OBJC_WEAK = YES;
				CLANG_WARN_BLOCK_CAPTURE_AUTORELEASING = YES;
				CLANG_WARN_BOOL_CONVERSION = YES;
				CLANG_WARN_COMMA = YES;
				CLANG_WARN_CONSTANT_CONVERSION = YES;
				CLANG_WARN_DEPRECATED_OBJC_IMPLEMENTATIONS = YES;
				CLANG_WARN_DIRECT_OBJC_ISA_USAGE = YES_ERROR;
				CLANG_WARN_DOCUMENTATION_COMMENTS = YES;
				CLANG_WARN_EMPTY_BODY = YES;
				CLANG_WARN_ENUM_CONVERSION = YES;
				CLANG_WARN_INFINITE_RECURSION = YES;
				CLANG_WARN_INT_CONVERSION = YES;
				CLANG_WARN_NON_LITERAL_NULL_CONVERSION = YES;
				CLANG_WARN_OBJC_IMPLICIT_RETAIN_SELF = YES;
				CLANG_WARN_OBJC_LITERAL_CONVERSION = YES;
				CLANG_WARN_OBJC_ROOT_CLASS = YES_ERROR;
				CLANG_WARN_QUOTED_INCLUDE_IN_FRAMEWORK_HEADER = YES;
				CLANG_WARN_RANGE_LOOP_ANALYSIS = YES;
				CLANG_WARN_STRICT_PROTOTYPES = YES;
				CLANG_WARN_SUSPICIOUS_MOVE = YES;
				CLANG_WARN_UNGUARDED_AVAILABILITY = YES_AGGRESSIVE;
				CLANG_WARN_UNREACHABLE_CODE = YES;
				CLANG_WARN__DUPLICATE_METHOD_MATCH = YES;
				COPY_PHASE_STRIP = NO;
				DEBUG_INFORMATION_FORMAT = "dwarf-with-dsym";
				ENABLE_NS_ASSERTIONS = NO;
				ENABLE_STRICT_OBJC_MSGSEND = YES;
				GCC_C_LANGUAGE_STANDARD = gnu11;
				GCC_NO_COMMON_BLOCKS = YES;
				GCC_WARN_64_TO_32_BIT_CONVERSION = YES;
				GCC_WARN_ABOUT_RETURN_TYPE = YES_ERROR;
				GCC_WARN_UNDECLARED_SELECTOR = YES;
				GCC_WARN_UNINITIALIZED_AUTOS = YES_AGGRESSIVE;
				GCC_WARN_UNUSED_FUNCTION = YES;
				GCC_WARN_UNUSED_VARIABLE = YES;
				IPHONEOS_DEPLOYMENT_TARGET = 15.2;
				MTL_ENABLE_DEBUG_INFO = NO;
				MTL_FAST_MATH = YES;
				SDKROOT = iphoneos;
				SWIFT_COMPILATION_MODE = wholemodule;
				SWIFT_OPTIMIZATION_LEVEL = "-O";
				VALIDATE_PRODUCT = YES;
			};
			name = Release;
		};
		A614CBBA29928640005087C9 /* Debug */ = {
			isa = XCBuildConfiguration;
			buildSettings = {
				ASSETCATALOG_COMPILER_APPICON_NAME = AppIcon;
				ASSETCATALOG_COMPILER_GLOBAL_ACCENT_COLOR_NAME = AccentColor;
				CODE_SIGN_STYLE = Automatic;
				CURRENT_PROJECT_VERSION = 1;
				DEVELOPMENT_ASSET_PATHS = "\"MakeupMate/Preview Content\"";
				DEVELOPMENT_TEAM = 85ZGLCPBCR;
				ENABLE_PREVIEWS = YES;
				GENERATE_INFOPLIST_FILE = YES;
				INFOPLIST_KEY_UIApplicationSceneManifest_Generation = YES;
				INFOPLIST_KEY_UIApplicationSupportsIndirectInputEvents = YES;
				INFOPLIST_KEY_UILaunchScreen_Generation = YES;
				INFOPLIST_KEY_UISupportedInterfaceOrientations_iPad = "UIInterfaceOrientationPortrait UIInterfaceOrientationPortraitUpsideDown UIInterfaceOrientationLandscapeLeft UIInterfaceOrientationLandscapeRight";
				INFOPLIST_KEY_UISupportedInterfaceOrientations_iPhone = "UIInterfaceOrientationPortrait UIInterfaceOrientationLandscapeLeft UIInterfaceOrientationLandscapeRight";
				LD_RUNPATH_SEARCH_PATHS = (
					"$(inherited)",
					"@executable_path/Frameworks",
				);
				MARKETING_VERSION = 1.0;
				PRODUCT_BUNDLE_IDENTIFIER = city.individual.project.MakeupMate;
				PRODUCT_NAME = "$(TARGET_NAME)";
				SWIFT_EMIT_LOC_STRINGS = YES;
				SWIFT_VERSION = 5.0;
				TARGETED_DEVICE_FAMILY = "1,2";
			};
			name = Debug;
		};
		A614CBBB29928640005087C9 /* Release */ = {
			isa = XCBuildConfiguration;
			buildSettings = {
				ASSETCATALOG_COMPILER_APPICON_NAME = AppIcon;
				ASSETCATALOG_COMPILER_GLOBAL_ACCENT_COLOR_NAME = AccentColor;
				CODE_SIGN_STYLE = Automatic;
				CURRENT_PROJECT_VERSION = 1;
				DEVELOPMENT_ASSET_PATHS = "\"MakeupMate/Preview Content\"";
				DEVELOPMENT_TEAM = 85ZGLCPBCR;
				ENABLE_PREVIEWS = YES;
				GENERATE_INFOPLIST_FILE = YES;
				INFOPLIST_KEY_UIApplicationSceneManifest_Generation = YES;
				INFOPLIST_KEY_UIApplicationSupportsIndirectInputEvents = YES;
				INFOPLIST_KEY_UILaunchScreen_Generation = YES;
				INFOPLIST_KEY_UISupportedInterfaceOrientations_iPad = "UIInterfaceOrientationPortrait UIInterfaceOrientationPortraitUpsideDown UIInterfaceOrientationLandscapeLeft UIInterfaceOrientationLandscapeRight";
				INFOPLIST_KEY_UISupportedInterfaceOrientations_iPhone = "UIInterfaceOrientationPortrait UIInterfaceOrientationLandscapeLeft UIInterfaceOrientationLandscapeRight";
				LD_RUNPATH_SEARCH_PATHS = (
					"$(inherited)",
					"@executable_path/Frameworks",
				);
				MARKETING_VERSION = 1.0;
				PRODUCT_BUNDLE_IDENTIFIER = city.individual.project.MakeupMate;
				PRODUCT_NAME = "$(TARGET_NAME)";
				SWIFT_EMIT_LOC_STRINGS = YES;
				SWIFT_VERSION = 5.0;
				TARGETED_DEVICE_FAMILY = "1,2";
			};
			name = Release;
		};
		A614CBBD29928640005087C9 /* Debug */ = {
			isa = XCBuildConfiguration;
			buildSettings = {
				ALWAYS_EMBED_SWIFT_STANDARD_LIBRARIES = YES;
				BUNDLE_LOADER = "$(TEST_HOST)";
				CODE_SIGN_STYLE = Automatic;
				CURRENT_PROJECT_VERSION = 1;
				DEVELOPMENT_TEAM = 85ZGLCPBCR;
				GENERATE_INFOPLIST_FILE = YES;
				IPHONEOS_DEPLOYMENT_TARGET = 15.2;
				MARKETING_VERSION = 1.0;
				PRODUCT_BUNDLE_IDENTIFIER = city.individual.project.MakeupMateTests;
				PRODUCT_NAME = "$(TARGET_NAME)";
				SWIFT_EMIT_LOC_STRINGS = NO;
				SWIFT_VERSION = 5.0;
				TARGETED_DEVICE_FAMILY = "1,2";
				TEST_HOST = "$(BUILT_PRODUCTS_DIR)/MakeupMate.app/MakeupMate";
			};
			name = Debug;
		};
		A614CBBE29928640005087C9 /* Release */ = {
			isa = XCBuildConfiguration;
			buildSettings = {
				ALWAYS_EMBED_SWIFT_STANDARD_LIBRARIES = YES;
				BUNDLE_LOADER = "$(TEST_HOST)";
				CODE_SIGN_STYLE = Automatic;
				CURRENT_PROJECT_VERSION = 1;
				DEVELOPMENT_TEAM = 85ZGLCPBCR;
				GENERATE_INFOPLIST_FILE = YES;
				IPHONEOS_DEPLOYMENT_TARGET = 15.2;
				MARKETING_VERSION = 1.0;
				PRODUCT_BUNDLE_IDENTIFIER = city.individual.project.MakeupMateTests;
				PRODUCT_NAME = "$(TARGET_NAME)";
				SWIFT_EMIT_LOC_STRINGS = NO;
				SWIFT_VERSION = 5.0;
				TARGETED_DEVICE_FAMILY = "1,2";
				TEST_HOST = "$(BUILT_PRODUCTS_DIR)/MakeupMate.app/MakeupMate";
			};
			name = Release;
		};
		A614CBC029928640005087C9 /* Debug */ = {
			isa = XCBuildConfiguration;
			buildSettings = {
				ALWAYS_EMBED_SWIFT_STANDARD_LIBRARIES = YES;
				CODE_SIGN_STYLE = Automatic;
				CURRENT_PROJECT_VERSION = 1;
				DEVELOPMENT_TEAM = 85ZGLCPBCR;
				GENERATE_INFOPLIST_FILE = YES;
				MARKETING_VERSION = 1.0;
				PRODUCT_BUNDLE_IDENTIFIER = city.individual.project.MakeupMateUITests;
				PRODUCT_NAME = "$(TARGET_NAME)";
				SWIFT_EMIT_LOC_STRINGS = NO;
				SWIFT_VERSION = 5.0;
				TARGETED_DEVICE_FAMILY = "1,2";
				TEST_TARGET_NAME = MakeupMate;
			};
			name = Debug;
		};
		A614CBC129928640005087C9 /* Release */ = {
			isa = XCBuildConfiguration;
			buildSettings = {
				ALWAYS_EMBED_SWIFT_STANDARD_LIBRARIES = YES;
				CODE_SIGN_STYLE = Automatic;
				CURRENT_PROJECT_VERSION = 1;
				DEVELOPMENT_TEAM = 85ZGLCPBCR;
				GENERATE_INFOPLIST_FILE = YES;
				MARKETING_VERSION = 1.0;
				PRODUCT_BUNDLE_IDENTIFIER = city.individual.project.MakeupMateUITests;
				PRODUCT_NAME = "$(TARGET_NAME)";
				SWIFT_EMIT_LOC_STRINGS = NO;
				SWIFT_VERSION = 5.0;
				TARGETED_DEVICE_FAMILY = "1,2";
				TEST_TARGET_NAME = MakeupMate;
			};
			name = Release;
		};
/* End XCBuildConfiguration section */

/* Begin XCConfigurationList section */
		A614CB902992863A005087C9 /* Build configuration list for PBXProject "MakeupMate" */ = {
			isa = XCConfigurationList;
			buildConfigurations = (
				A614CBB729928640005087C9 /* Debug */,
				A614CBB829928640005087C9 /* Release */,
			);
			defaultConfigurationIsVisible = 0;
			defaultConfigurationName = Release;
		};
		A614CBB929928640005087C9 /* Build configuration list for PBXNativeTarget "MakeupMate" */ = {
			isa = XCConfigurationList;
			buildConfigurations = (
				A614CBBA29928640005087C9 /* Debug */,
				A614CBBB29928640005087C9 /* Release */,
			);
			defaultConfigurationIsVisible = 0;
			defaultConfigurationName = Release;
		};
		A614CBBC29928640005087C9 /* Build configuration list for PBXNativeTarget "MakeupMateTests" */ = {
			isa = XCConfigurationList;
			buildConfigurations = (
				A614CBBD29928640005087C9 /* Debug */,
				A614CBBE29928640005087C9 /* Release */,
			);
			defaultConfigurationIsVisible = 0;
			defaultConfigurationName = Release;
		};
		A614CBBF29928640005087C9 /* Build configuration list for PBXNativeTarget "MakeupMateUITests" */ = {
			isa = XCConfigurationList;
			buildConfigurations = (
				A614CBC029928640005087C9 /* Debug */,
				A614CBC129928640005087C9 /* Release */,
			);
			defaultConfigurationIsVisible = 0;
			defaultConfigurationName = Release;
		};
/* End XCConfigurationList section */

/* Begin XCRemoteSwiftPackageReference section */
		A631EACD299FB54700D9E1DD /* XCRemoteSwiftPackageReference "firebase-ios-sdk" */ = {
			isa = XCRemoteSwiftPackageReference;
			repositoryURL = "https://github.com/firebase/firebase-ios-sdk.git";
			requirement = {
				branch = master;
				kind = branch;
			};
		};
		A67D601429BF5993003EEBB7 /* XCRemoteSwiftPackageReference "SDWebImageSwiftUI" */ = {
			isa = XCRemoteSwiftPackageReference;
			repositoryURL = "https://github.com/SDWebImage/SDWebImageSwiftUI";
			requirement = {
				branch = master;
				kind = branch;
			};
		};
/* End XCRemoteSwiftPackageReference section */

/* Begin XCSwiftPackageProductDependency section */
		A631EACE299FB54700D9E1DD /* FirebaseAuth */ = {
			isa = XCSwiftPackageProductDependency;
			package = A631EACD299FB54700D9E1DD /* XCRemoteSwiftPackageReference "firebase-ios-sdk" */;
			productName = FirebaseAuth;
		};
		A631EAD0299FB54700D9E1DD /* FirebaseFirestore */ = {
			isa = XCSwiftPackageProductDependency;
			package = A631EACD299FB54700D9E1DD /* XCRemoteSwiftPackageReference "firebase-ios-sdk" */;
			productName = FirebaseFirestore;
		};
		A631EAD2299FB54700D9E1DD /* FirebaseStorage */ = {
			isa = XCSwiftPackageProductDependency;
			package = A631EACD299FB54700D9E1DD /* XCRemoteSwiftPackageReference "firebase-ios-sdk" */;
			productName = FirebaseStorage;
		};
		A67D601529BF5994003EEBB7 /* SDWebImageSwiftUI */ = {
			isa = XCSwiftPackageProductDependency;
			package = A67D601429BF5993003EEBB7 /* XCRemoteSwiftPackageReference "SDWebImageSwiftUI" */;
			productName = SDWebImageSwiftUI;
		};
/* End XCSwiftPackageProductDependency section */
	};
	rootObject = A614CB8D2992863A005087C9 /* Project object */;
}
